
Microsoft Visual Studio Solution File, Format Version 12.00
# Visual Studio 15
VisualStudioVersion = 15.0.27130.2036
MinimumVisualStudioVersion = 10.0.40219.1
Project("{FAE04EC0-301F-11D3-BF4B-00C04F79EFBC}") = "program1", "program1\program1.csproj", "{25927911-97A5-4810-9EE3-76C7D7771A4B}"
EndProject
Project("{FAE04EC0-301F-11D3-BF4B-00C04F79EFBC}") = "program2", "program2\program2.csproj", "{AB7E2105-5291-42EB-9BFD-19D1EA545CE1}"
EndProject
Project("{FAE04EC0-301F-11D3-BF4B-00C04F79EFBC}") = "program3", "program3\program3.csproj", "{4ED2B4B8-6CAB-4814-B6E9-8D390D9D934C}"
EndProject
Global
	GlobalSection(SolutionConfigurationPlatforms) = preSolution
		Debug|Any CPU = Debug|Any CPU
		Release|Any CPU = Release|Any CPU
	EndGlobalSection
	GlobalSection(ProjectConfigurationPlatforms) = postSolution
		{25927911-97A5-4810-9EE3-76C7D7771A4B}.Debug|Any CPU.ActiveCfg = Debug|Any CPU
		{25927911-97A5-4810-9EE3-76C7D7771A4B}.Debug|Any CPU.Build.0 = Debug|Any CPU
		{25927911-97A5-4810-9EE3-76C7D7771A4B}.Release|Any CPU.ActiveCfg = Release|Any CPU
		{25927911-97A5-4810-9EE3-76C7D7771A4B}.Release|Any CPU.Build.0 = Release|Any CPU
		{AB7E2105-5291-42EB-9BFD-19D1EA545CE1}.Debug|Any CPU.ActiveCfg = Debug|Any CPU
		{AB7E2105-5291-42EB-9BFD-19D1EA545CE1}.Debug|Any CPU.Build.0 = Debug|Any CPU
		{AB7E2105-5291-42EB-9BFD-19D1EA545CE1}.Release|Any CPU.ActiveCfg = Release|Any CPU
		{AB7E2105-5291-42EB-9BFD-19D1EA545CE1}.Release|Any CPU.Build.0 = Release|Any CPU
		{4ED2B4B8-6CAB-4814-B6E9-8D390D9D934C}.Debug|Any CPU.ActiveCfg = Debug|Any CPU
		{4ED2B4B8-6CAB-4814-B6E9-8D390D9D934C}.Debug|Any CPU.Build.0 = Debug|Any CPU
		{4ED2B4B8-6CAB-4814-B6E9-8D390D9D934C}.Release|Any CPU.ActiveCfg = Release|Any CPU
		{4ED2B4B8-6CAB-4814-B6E9-8D390D9D934C}.Release|Any CPU.Build.0 = Release|Any CPU
	EndGlobalSection
	GlobalSection(SolutionProperties) = preSolution
		HideSolutionNode = FALSE
	EndGlobalSection
	GlobalSection(ExtensibilityGlobals) = postSolution
		SolutionGuid = {4BBD1F78-0E98-4F05-B642-9F249B67C0FC}
	EndGlobalSection
EndGlobal
